// !$*UTF8*$!
{
	archiveVersion = 1;
	classes = {
	};
	objectVersion = 56;
	objects = {

/* Begin PBXBuildFile section */
		CC7915A129F31EBD008A29A8 /* LandmarksApp.swift in Sources */ = {isa = PBXBuildFile; fileRef = CC7915A029F31EBD008A29A8 /* LandmarksApp.swift */; };
		CC7915A329F31EBD008A29A8 /* ContentView.swift in Sources */ = {isa = PBXBuildFile; fileRef = CC7915A229F31EBD008A29A8 /* ContentView.swift */; };
		CC7915A529F31EBE008A29A8 /* Assets.xcassets in Resources */ = {isa = PBXBuildFile; fileRef = CC7915A429F31EBE008A29A8 /* Assets.xcassets */; };
		CC7915A829F31EBE008A29A8 /* Preview Assets.xcassets in Resources */ = {isa = PBXBuildFile; fileRef = CC7915A729F31EBE008A29A8 /* Preview Assets.xcassets */; };
		CC7915B229F31EBE008A29A8 /* LandmarksTests.swift in Sources */ = {isa = PBXBuildFile; fileRef = CC7915B129F31EBE008A29A8 /* LandmarksTests.swift */; };
		CC7915BC29F31EBE008A29A8 /* LandmarksUITests.swift in Sources */ = {isa = PBXBuildFile; fileRef = CC7915BB29F31EBE008A29A8 /* LandmarksUITests.swift */; };
		CC7915BE29F31EBE008A29A8 /* LandmarksUITestsLaunchTests.swift in Sources */ = {isa = PBXBuildFile; fileRef = CC7915BD29F31EBE008A29A8 /* LandmarksUITestsLaunchTests.swift */; };
		CC7915CB29F32166008A29A8 /* CircleImage.swift in Sources */ = {isa = PBXBuildFile; fileRef = CC7915CA29F32166008A29A8 /* CircleImage.swift */; };
		CC7915CD29F32263008A29A8 /* MapView.swift in Sources */ = {isa = PBXBuildFile; fileRef = CC7915CC29F32263008A29A8 /* MapView.swift */; };
		CC7915CF29F33157008A29A8 /* landmarkData.json in Resources */ = {isa = PBXBuildFile; fileRef = CC7915CE29F33156008A29A8 /* landmarkData.json */; };
		CC7915D129F33178008A29A8 /* Landmark.swift in Sources */ = {isa = PBXBuildFile; fileRef = CC7915D029F33178008A29A8 /* Landmark.swift */; };
		CC7915D329F334C7008A29A8 /* ModelData.swift in Sources */ = {isa = PBXBuildFile; fileRef = CC7915D229F334C7008A29A8 /* ModelData.swift */; };
		CC9B60F429F4602B00E7096A /* LandmarkRow.swift in Sources */ = {isa = PBXBuildFile; fileRef = CC9B60F329F4602B00E7096A /* LandmarkRow.swift */; };
		CC9B60F629F465A200E7096A /* LandmarkList.swift in Sources */ = {isa = PBXBuildFile; fileRef = CC9B60F529F465A200E7096A /* LandmarkList.swift */; };
		CC9B60F829F468EF00E7096A /* LandmarkDetail.swift in Sources */ = {isa = PBXBuildFile; fileRef = CC9B60F729F468EF00E7096A /* LandmarkDetail.swift */; };
		CCCEFF2829F5C43500037DFE /* FavoriteButton.swift in Sources */ = {isa = PBXBuildFile; fileRef = CCCEFF2729F5C43500037DFE /* FavoriteButton.swift */; };
/* End PBXBuildFile section */

/* Begin PBXContainerItemProxy section */
		CC7915AE29F31EBE008A29A8 /* PBXContainerItemProxy */ = {
			isa = PBXContainerItemProxy;
			containerPortal = CC79159529F31EBD008A29A8 /* Project object */;
			proxyType = 1;
			remoteGlobalIDString = CC79159C29F31EBD008A29A8;
			remoteInfo = Landmarks;
		};
		CC7915B829F31EBE008A29A8 /* PBXContainerItemProxy */ = {
			isa = PBXContainerItemProxy;
			containerPortal = CC79159529F31EBD008A29A8 /* Project object */;
			proxyType = 1;
			remoteGlobalIDString = CC79159C29F31EBD008A29A8;
			remoteInfo = Landmarks;
		};
/* End PBXContainerItemProxy section */

/* Begin PBXFileReference section */
		CC79159D29F31EBD008A29A8 /* Landmarks.app */ = {isa = PBXFileReference; explicitFileType = wrapper.application; includeInIndex = 0; path = Landmarks.app; sourceTree = BUILT_PRODUCTS_DIR; };
		CC7915A029F31EBD008A29A8 /* LandmarksApp.swift */ = {isa = PBXFileReference; lastKnownFileType = sourcecode.swift; path = LandmarksApp.swift; sourceTree = "<group>"; };
		CC7915A229F31EBD008A29A8 /* ContentView.swift */ = {isa = PBXFileReference; lastKnownFileType = sourcecode.swift; path = ContentView.swift; sourceTree = "<group>"; };
		CC7915A429F31EBE008A29A8 /* Assets.xcassets */ = {isa = PBXFileReference; lastKnownFileType = folder.assetcatalog; path = Assets.xcassets; sourceTree = "<group>"; };
		CC7915A729F31EBE008A29A8 /* Preview Assets.xcassets */ = {isa = PBXFileReference; lastKnownFileType = folder.assetcatalog; path = "Preview Assets.xcassets"; sourceTree = "<group>"; };
		CC7915AD29F31EBE008A29A8 /* LandmarksTests.xctest */ = {isa = PBXFileReference; explicitFileType = wrapper.cfbundle; includeInIndex = 0; path = LandmarksTests.xctest; sourceTree = BUILT_PRODUCTS_DIR; };
		CC7915B129F31EBE008A29A8 /* LandmarksTests.swift */ = {isa = PBXFileReference; lastKnownFileType = sourcecode.swift; path = LandmarksTests.swift; sourceTree = "<group>"; };
		CC7915B729F31EBE008A29A8 /* LandmarksUITests.xctest */ = {isa = PBXFileReference; explicitFileType = wrapper.cfbundle; includeInIndex = 0; path = LandmarksUITests.xctest; sourceTree = BUILT_PRODUCTS_DIR; };
		CC7915BB29F31EBE008A29A8 /* LandmarksUITests.swift */ = {isa = PBXFileReference; lastKnownFileType = sourcecode.swift; path = LandmarksUITests.swift; sourceTree = "<group>"; };
		CC7915BD29F31EBE008A29A8 /* LandmarksUITestsLaunchTests.swift */ = {isa = PBXFileReference; lastKnownFileType = sourcecode.swift; path = LandmarksUITestsLaunchTests.swift; sourceTree = "<group>"; };
		CC7915CA29F32166008A29A8 /* CircleImage.swift */ = {isa = PBXFileReference; lastKnownFileType = sourcecode.swift; path = CircleImage.swift; sourceTree = "<group>"; };
		CC7915CC29F32263008A29A8 /* MapView.swift */ = {isa = PBXFileReference; lastKnownFileType = sourcecode.swift; path = MapView.swift; sourceTree = "<group>"; };
		CC7915CE29F33156008A29A8 /* landmarkData.json */ = {isa = PBXFileReference; fileEncoding = 4; lastKnownFileType = text.json; path = landmarkData.json; sourceTree = "<group>"; };
		CC7915D029F33178008A29A8 /* Landmark.swift */ = {isa = PBXFileReference; lastKnownFileType = sourcecode.swift; path = Landmark.swift; sourceTree = "<group>"; };
		CC7915D229F334C7008A29A8 /* ModelData.swift */ = {isa = PBXFileReference; lastKnownFileType = sourcecode.swift; path = ModelData.swift; sourceTree = "<group>"; };
		CC9B60F329F4602B00E7096A /* LandmarkRow.swift */ = {isa = PBXFileReference; lastKnownFileType = sourcecode.swift; path = LandmarkRow.swift; sourceTree = "<group>"; };
		CC9B60F529F465A200E7096A /* LandmarkList.swift */ = {isa = PBXFileReference; lastKnownFileType = sourcecode.swift; path = LandmarkList.swift; sourceTree = "<group>"; };
		CC9B60F729F468EF00E7096A /* LandmarkDetail.swift */ = {isa = PBXFileReference; lastKnownFileType = sourcecode.swift; path = LandmarkDetail.swift; sourceTree = "<group>"; };
		CCCEFF2729F5C43500037DFE /* FavoriteButton.swift */ = {isa = PBXFileReference; lastKnownFileType = sourcecode.swift; path = FavoriteButton.swift; sourceTree = "<group>"; };
/* End PBXFileReference section */

/* Begin PBXFrameworksBuildPhase section */
		CC79159A29F31EBD008A29A8 /* Frameworks */ = {
			isa = PBXFrameworksBuildPhase;
			buildActionMask = 2147483647;
			files = (
			);
			runOnlyForDeploymentPostprocessing = 0;
		};
		CC7915AA29F31EBE008A29A8 /* Frameworks */ = {
			isa = PBXFrameworksBuildPhase;
			buildActionMask = 2147483647;
			files = (
			);
			runOnlyForDeploymentPostprocessing = 0;
		};
		CC7915B429F31EBE008A29A8 /* Frameworks */ = {
			isa = PBXFrameworksBuildPhase;
			buildActionMask = 2147483647;
			files = (
			);
			runOnlyForDeploymentPostprocessing = 0;
		};
/* End PBXFrameworksBuildPhase section */

/* Begin PBXGroup section */
		CC79159429F31EBD008A29A8 = {
			isa = PBXGroup;
			children = (
				CC79159F29F31EBD008A29A8 /* Landmarks */,
				CC7915B029F31EBE008A29A8 /* LandmarksTests */,
				CC7915BA29F31EBE008A29A8 /* LandmarksUITests */,
				CC79159E29F31EBD008A29A8 /* Products */,
			);
			sourceTree = "<group>";
		};
		CC79159E29F31EBD008A29A8 /* Products */ = {
			isa = PBXGroup;
			children = (
				CC79159D29F31EBD008A29A8 /* Landmarks.app */,
				CC7915AD29F31EBE008A29A8 /* LandmarksTests.xctest */,
				CC7915B729F31EBE008A29A8 /* LandmarksUITests.xctest */,
			);
			name = Products;
			sourceTree = "<group>";
		};
		CC79159F29F31EBD008A29A8 /* Landmarks */ = {
			isa = PBXGroup;
			children = (
				CC7915D429F33B3E008A29A8 /* Views */,
				CC7915A029F31EBD008A29A8 /* LandmarksApp.swift */,
				CC7915A429F31EBE008A29A8 /* Assets.xcassets */,
				CC7915D629F33BA9008A29A8 /* Resources */,
				CC7915D529F33B9D008A29A8 /* Model */,
				CC7915A629F31EBE008A29A8 /* Preview Content */,
			);
			path = Landmarks;
			sourceTree = "<group>";
		};
		CC7915A629F31EBE008A29A8 /* Preview Content */ = {
			isa = PBXGroup;
			children = (
				CC7915A729F31EBE008A29A8 /* Preview Assets.xcassets */,
			);
			path = "Preview Content";
			sourceTree = "<group>";
		};
		CC7915B029F31EBE008A29A8 /* LandmarksTests */ = {
			isa = PBXGroup;
			children = (
				CC7915B129F31EBE008A29A8 /* LandmarksTests.swift */,
			);
			path = LandmarksTests;
			sourceTree = "<group>";
		};
		CC7915BA29F31EBE008A29A8 /* LandmarksUITests */ = {
			isa = PBXGroup;
			children = (
				CC7915BB29F31EBE008A29A8 /* LandmarksUITests.swift */,
				CC7915BD29F31EBE008A29A8 /* LandmarksUITestsLaunchTests.swift */,
			);
			path = LandmarksUITests;
			sourceTree = "<group>";
		};
		CC7915D429F33B3E008A29A8 /* Views */ = {
			isa = PBXGroup;
			children = (
				CC7915A229F31EBD008A29A8 /* ContentView.swift */,
				CCCEFF2929F5C55B00037DFE /* Helpers */,
				CCCEFF2B29F5C5B900037DFE /* Landmarks */,
			);
			path = Views;
			sourceTree = "<group>";
		};
		CC7915D529F33B9D008A29A8 /* Model */ = {
			isa = PBXGroup;
			children = (
				CC7915D029F33178008A29A8 /* Landmark.swift */,
				CC7915D229F334C7008A29A8 /* ModelData.swift */,
			);
			path = Model;
			sourceTree = "<group>";
		};
		CC7915D629F33BA9008A29A8 /* Resources */ = {
			isa = PBXGroup;
			children = (
				CC7915CE29F33156008A29A8 /* landmarkData.json */,
			);
			path = Resources;
			sourceTree = "<group>";
		};
		CCCEFF2929F5C55B00037DFE /* Helpers */ = {
			isa = PBXGroup;
			children = (
				CC7915CA29F32166008A29A8 /* CircleImage.swift */,
				CCCEFF2729F5C43500037DFE /* FavoriteButton.swift */,
				CC7915CC29F32263008A29A8 /* MapView.swift */,
			);
			path = Helpers;
			sourceTree = "<group>";
		};
		CCCEFF2B29F5C5B900037DFE /* Landmarks */ = {
			isa = PBXGroup;
			children = (
				CC9B60F329F4602B00E7096A /* LandmarkRow.swift */,
				CC9B60F529F465A200E7096A /* LandmarkList.swift */,
				CC9B60F729F468EF00E7096A /* LandmarkDetail.swift */,
			);
			path = Landmarks;
			sourceTree = "<group>";
		};
/* End PBXGroup section */

/* Begin PBXNativeTarget section */
		CC79159C29F31EBD008A29A8 /* Landmarks */ = {
			isa = PBXNativeTarget;
			buildConfigurationList = CC7915C129F31EBE008A29A8 /* Build configuration list for PBXNativeTarget "Landmarks" */;
			buildPhases = (
				CC79159929F31EBD008A29A8 /* Sources */,
				CC79159A29F31EBD008A29A8 /* Frameworks */,
				CC79159B29F31EBD008A29A8 /* Resources */,
			);
			buildRules = (
			);
			dependencies = (
			);
			name = Landmarks;
			productName = Landmarks;
			productReference = CC79159D29F31EBD008A29A8 /* Landmarks.app */;
			productType = "com.apple.product-type.application";
		};
		CC7915AC29F31EBE008A29A8 /* LandmarksTests */ = {
			isa = PBXNativeTarget;
			buildConfigurationList = CC7915C429F31EBE008A29A8 /* Build configuration list for PBXNativeTarget "LandmarksTests" */;
			buildPhases = (
				CC7915A929F31EBE008A29A8 /* Sources */,
				CC7915AA29F31EBE008A29A8 /* Frameworks */,
				CC7915AB29F31EBE008A29A8 /* Resources */,
			);
			buildRules = (
			);
			dependencies = (
				CC7915AF29F31EBE008A29A8 /* PBXTargetDependency */,
			);
			name = LandmarksTests;
			productName = LandmarksTests;
			productReference = CC7915AD29F31EBE008A29A8 /* LandmarksTests.xctest */;
			productType = "com.apple.product-type.bundle.unit-test";
		};
		CC7915B629F31EBE008A29A8 /* LandmarksUITests */ = {
			isa = PBXNativeTarget;
			buildConfigurationList = CC7915C729F31EBE008A29A8 /* Build configuration list for PBXNativeTarget "LandmarksUITests" */;
			buildPhases = (
				CC7915B329F31EBE008A29A8 /* Sources */,
				CC7915B429F31EBE008A29A8 /* Frameworks */,
				CC7915B529F31EBE008A29A8 /* Resources */,
			);
			buildRules = (
			);
			dependencies = (
				CC7915B929F31EBE008A29A8 /* PBXTargetDependency */,
			);
			name = LandmarksUITests;
			productName = LandmarksUITests;
			productReference = CC7915B729F31EBE008A29A8 /* LandmarksUITests.xctest */;
			productType = "com.apple.product-type.bundle.ui-testing";
		};
/* End PBXNativeTarget section */

/* Begin PBXProject section */
		CC79159529F31EBD008A29A8 /* Project object */ = {
			isa = PBXProject;
			attributes = {
				BuildIndependentTargetsInParallel = 1;
				LastSwiftUpdateCheck = 1430;
				LastUpgradeCheck = 1430;
				TargetAttributes = {
					CC79159C29F31EBD008A29A8 = {
						CreatedOnToolsVersion = 14.3;
					};
					CC7915AC29F31EBE008A29A8 = {
						CreatedOnToolsVersion = 14.3;
						TestTargetID = CC79159C29F31EBD008A29A8;
					};
					CC7915B629F31EBE008A29A8 = {
						CreatedOnToolsVersion = 14.3;
						TestTargetID = CC79159C29F31EBD008A29A8;
					};
				};
			};
			buildConfigurationList = CC79159829F31EBD008A29A8 /* Build configuration list for PBXProject "Landmarks" */;
			compatibilityVersion = "Xcode 14.0";
			developmentRegion = en;
			hasScannedForEncodings = 0;
			knownRegions = (
				en,
				Base,
			);
			mainGroup = CC79159429F31EBD008A29A8;
			productRefGroup = CC79159E29F31EBD008A29A8 /* Products */;
			projectDirPath = "";
			projectRoot = "";
			targets = (
				CC79159C29F31EBD008A29A8 /* Landmarks */,
				CC7915AC29F31EBE008A29A8 /* LandmarksTests */,
				CC7915B629F31EBE008A29A8 /* LandmarksUITests */,
			);
		};
/* End PBXProject section */

/* Begin PBXResourcesBuildPhase section */
		CC79159B29F31EBD008A29A8 /* Resources */ = {
			isa = PBXResourcesBuildPhase;
			buildActionMask = 2147483647;
			files = (
				CC7915A829F31EBE008A29A8 /* Preview Assets.xcassets in Resources */,
				CC7915A529F31EBE008A29A8 /* Assets.xcassets in Resources */,
				CC7915CF29F33157008A29A8 /* landmarkData.json in Resources */,
			);
			runOnlyForDeploymentPostprocessing = 0;
		};
		CC7915AB29F31EBE008A29A8 /* Resources */ = {
			isa = PBXResourcesBuildPhase;
			buildActionMask = 2147483647;
			files = (
			);
			runOnlyForDeploymentPostprocessing = 0;
		};
		CC7915B529F31EBE008A29A8 /* Resources */ = {
			isa = PBXResourcesBuildPhase;
			buildActionMask = 2147483647;
			files = (
			);
			runOnlyForDeploymentPostprocessing = 0;
		};
/* End PBXResourcesBuildPhase section */

/* Begin PBXSourcesBuildPhase section */
		CC79159929F31EBD008A29A8 /* Sources */ = {
			isa = PBXSourcesBuildPhase;
			buildActionMask = 2147483647;
			files = (
				CC7915A329F31EBD008A29A8 /* ContentView.swift in Sources */,
				CC7915CD29F32263008A29A8 /* MapView.swift in Sources */,
				CC7915CB29F32166008A29A8 /* CircleImage.swift in Sources */,
				CCCEFF2829F5C43500037DFE /* FavoriteButton.swift in Sources */,
				CC9B60F629F465A200E7096A /* LandmarkList.swift in Sources */,
				CC7915A129F31EBD008A29A8 /* LandmarksApp.swift in Sources */,
				CC7915D129F33178008A29A8 /* Landmark.swift in Sources */,
				CC9B60F429F4602B00E7096A /* LandmarkRow.swift in Sources */,
				CC7915D329F334C7008A29A8 /* ModelData.swift in Sources */,
				CC9B60F829F468EF00E7096A /* LandmarkDetail.swift in Sources */,
			);
			runOnlyForDeploymentPostprocessing = 0;
		};
		CC7915A929F31EBE008A29A8 /* Sources */ = {
			isa = PBXSourcesBuildPhase;
			buildActionMask = 2147483647;
			files = (
				CC7915B229F31EBE008A29A8 /* LandmarksTests.swift in Sources */,
			);
			runOnlyForDeploymentPostprocessing = 0;
		};
		CC7915B329F31EBE008A29A8 /* Sources */ = {
			isa = PBXSourcesBuildPhase;
			buildActionMask = 2147483647;
			files = (
				CC7915BE29F31EBE008A29A8 /* LandmarksUITestsLaunchTests.swift in Sources */,
				CC7915BC29F31EBE008A29A8 /* LandmarksUITests.swift in Sources */,
			);
			runOnlyForDeploymentPostprocessing = 0;
		};
/* End PBXSourcesBuildPhase section */

/* Begin PBXTargetDependency section */
		CC7915AF29F31EBE008A29A8 /* PBXTargetDependency */ = {
			isa = PBXTargetDependency;
			target = CC79159C29F31EBD008A29A8 /* Landmarks */;
			targetProxy = CC7915AE29F31EBE008A29A8 /* PBXContainerItemProxy */;
		};
		CC7915B929F31EBE008A29A8 /* PBXTargetDependency */ = {
			isa = PBXTargetDependency;
			target = CC79159C29F31EBD008A29A8 /* Landmarks */;
			targetProxy = CC7915B829F31EBE008A29A8 /* PBXContainerItemProxy */;
		};
/* End PBXTargetDependency section */

/* Begin XCBuildConfiguration section */
		CC7915BF29F31EBE008A29A8 /* Debug */ = {
			isa = XCBuildConfiguration;
			buildSettings = {
				ALWAYS_SEARCH_USER_PATHS = NO;
				CLANG_ANALYZER_NONNULL = YES;
				CLANG_ANALYZER_NUMBER_OBJECT_CONVERSION = YES_AGGRESSIVE;
				CLANG_CXX_LANGUAGE_STANDARD = "gnu++20";
				CLANG_ENABLE_MODULES = YES;
				CLANG_ENABLE_OBJC_ARC = YES;
				CLANG_ENABLE_OBJC_WEAK = YES;
				CLANG_WARN_BLOCK_CAPTURE_AUTORELEASING = YES;
				CLANG_WARN_BOOL_CONVERSION = YES;
				CLANG_WARN_COMMA = YES;
				CLANG_WARN_CONSTANT_CONVERSION = YES;
				CLANG_WARN_DEPRECATED_OBJC_IMPLEMENTATIONS = YES;
				CLANG_WARN_DIRECT_OBJC_ISA_USAGE = YES_ERROR;
				CLANG_WARN_DOCUMENTATION_COMMENTS = YES;
				CLANG_WARN_EMPTY_BODY = YES;
				CLANG_WARN_ENUM_CONVERSION = YES;
				CLANG_WARN_INFINITE_RECURSION = YES;
				CLANG_WARN_INT_CONVERSION = YES;
				CLANG_WARN_NON_LITERAL_NULL_CONVERSION = YES;
				CLANG_WARN_OBJC_IMPLICIT_RETAIN_SELF = YES;
				CLANG_WARN_OBJC_LITERAL_CONVERSION = YES;
				CLANG_WARN_OBJC_ROOT_CLASS = YES_ERROR;
				CLANG_WARN_QUOTED_INCLUDE_IN_FRAMEWORK_HEADER = YES;
				CLANG_WARN_RANGE_LOOP_ANALYSIS = YES;
				CLANG_WARN_STRICT_PROTOTYPES = YES;
				CLANG_WARN_SUSPICIOUS_MOVE = YES;
				CLANG_WARN_UNGUARDED_AVAILABILITY = YES_AGGRESSIVE;
				CLANG_WARN_UNREACHABLE_CODE = YES;
				CLANG_WARN__DUPLICATE_METHOD_MATCH = YES;
				COPY_PHASE_STRIP = NO;
				DEBUG_INFORMATION_FORMAT = dwarf;
				ENABLE_STRICT_OBJC_MSGSEND = YES;
				ENABLE_TESTABILITY = YES;
				GCC_C_LANGUAGE_STANDARD = gnu11;
				GCC_DYNAMIC_NO_PIC = NO;
				GCC_NO_COMMON_BLOCKS = YES;
				GCC_OPTIMIZATION_LEVEL = 0;
				GCC_PREPROCESSOR_DEFINITIONS = (
					"DEBUG=1",
					"$(inherited)",
				);
				GCC_WARN_64_TO_32_BIT_CONVERSION = YES;
				GCC_WARN_ABOUT_RETURN_TYPE = YES_ERROR;
				GCC_WARN_UNDECLARED_SELECTOR = YES;
				GCC_WARN_UNINITIALIZED_AUTOS = YES_AGGRESSIVE;
				GCC_WARN_UNUSED_FUNCTION = YES;
				GCC_WARN_UNUSED_VARIABLE = YES;
				IPHONEOS_DEPLOYMENT_TARGET = 16.4;
				MTL_ENABLE_DEBUG_INFO = INCLUDE_SOURCE;
				MTL_FAST_MATH = YES;
				ONLY_ACTIVE_ARCH = YES;
				SDKROOT = iphoneos;
				SWIFT_ACTIVE_COMPILATION_CONDITIONS = DEBUG;
				SWIFT_OPTIMIZATION_LEVEL = "-Onone";
			};
			name = Debug;
		};
		CC7915C029F31EBE008A29A8 /* Release */ = {
			isa = XCBuildConfiguration;
			buildSettings = {
				ALWAYS_SEARCH_USER_PATHS = NO;
				CLANG_ANALYZER_NONNULL = YES;
				CLANG_ANALYZER_NUMBER_OBJECT_CONVERSION = YES_AGGRESSIVE;
				CLANG_CXX_LANGUAGE_STANDARD = "gnu++20";
				CLANG_ENABLE_MODULES = YES;
				CLANG_ENABLE_OBJC_ARC = YES;
				CLANG_ENABLE_OBJC_WEAK = YES;
				CLANG_WARN_BLOCK_CAPTURE_AUTORELEASING = YES;
				CLANG_WARN_BOOL_CONVERSION = YES;
				CLANG_WARN_COMMA = YES;
				CLANG_WARN_CONSTANT_CONVERSION = YES;
				CLANG_WARN_DEPRECATED_OBJC_IMPLEMENTATIONS = YES;
				CLANG_WARN_DIRECT_OBJC_ISA_USAGE = YES_ERROR;
				CLANG_WARN_DOCUMENTATION_COMMENTS = YES;
				CLANG_WARN_EMPTY_BODY = YES;
				CLANG_WARN_ENUM_CONVERSION = YES;
				CLANG_WARN_INFINITE_RECURSION = YES;
				CLANG_WARN_INT_CONVERSION = YES;
				CLANG_WARN_NON_LITERAL_NULL_CONVERSION = YES;
				CLANG_WARN_OBJC_IMPLICIT_RETAIN_SELF = YES;
				CLANG_WARN_OBJC_LITERAL_CONVERSION = YES;
				CLANG_WARN_OBJC_ROOT_CLASS = YES_ERROR;
				CLANG_WARN_QUOTED_INCLUDE_IN_FRAMEWORK_HEADER = YES;
				CLANG_WARN_RANGE_LOOP_ANALYSIS = YES;
				CLANG_WARN_STRICT_PROTOTYPES = YES;
				CLANG_WARN_SUSPICIOUS_MOVE = YES;
				CLANG_WARN_UNGUARDED_AVAILABILITY = YES_AGGRESSIVE;
				CLANG_WARN_UNREACHABLE_CODE = YES;
				CLANG_WARN__DUPLICATE_METHOD_MATCH = YES;
				COPY_PHASE_STRIP = NO;
				DEBUG_INFORMATION_FORMAT = "dwarf-with-dsym";
				ENABLE_NS_ASSERTIONS = NO;
				ENABLE_STRICT_OBJC_MSGSEND = YES;
				GCC_C_LANGUAGE_STANDARD = gnu11;
				GCC_NO_COMMON_BLOCKS = YES;
				GCC_WARN_64_TO_32_BIT_CONVERSION = YES;
				GCC_WARN_ABOUT_RETURN_TYPE = YES_ERROR;
				GCC_WARN_UNDECLARED_SELECTOR = YES;
				GCC_WARN_UNINITIALIZED_AUTOS = YES_AGGRESSIVE;
				GCC_WARN_UNUSED_FUNCTION = YES;
				GCC_WARN_UNUSED_VARIABLE = YES;
				IPHONEOS_DEPLOYMENT_TARGET = 16.4;
				MTL_ENABLE_DEBUG_INFO = NO;
				MTL_FAST_MATH = YES;
				SDKROOT = iphoneos;
				SWIFT_COMPILATION_MODE = wholemodule;
				SWIFT_OPTIMIZATION_LEVEL = "-O";
				VALIDATE_PRODUCT = YES;
			};
			name = Release;
		};
		CC7915C229F31EBE008A29A8 /* Debug */ = {
			isa = XCBuildConfiguration;
			buildSettings = {
				ASSETCATALOG_COMPILER_APPICON_NAME = AppIcon;
				ASSETCATALOG_COMPILER_GLOBAL_ACCENT_COLOR_NAME = AccentColor;
				CODE_SIGN_STYLE = Automatic;
				CURRENT_PROJECT_VERSION = 1;
				DEVELOPMENT_ASSET_PATHS = "\"Landmarks/Preview Content\"";
				DEVELOPMENT_TEAM = VFB27NL5S9;
				ENABLE_PREVIEWS = YES;
				GENERATE_INFOPLIST_FILE = YES;
				INFOPLIST_KEY_UIApplicationSceneManifest_Generation = YES;
				INFOPLIST_KEY_UIApplicationSupportsIndirectInputEvents = YES;
				INFOPLIST_KEY_UILaunchScreen_Generation = YES;
				INFOPLIST_KEY_UISupportedInterfaceOrientations_iPad = "UIInterfaceOrientationPortrait UIInterfaceOrientationPortraitUpsideDown UIInterfaceOrientationLandscapeLeft UIInterfaceOrientationLandscapeRight";
				INFOPLIST_KEY_UISupportedInterfaceOrientations_iPhone = "UIInterfaceOrientationPortrait UIInterfaceOrientationLandscapeLeft UIInterfaceOrientationLandscapeRight";
				LD_RUNPATH_SEARCH_PATHS = (
					"$(inherited)",
					"@executable_path/Frameworks",
				);
				MARKETING_VERSION = 1.0;
				PRODUCT_BUNDLE_IDENTIFIER = myplayground.Landmarks;
				PRODUCT_NAME = "$(TARGET_NAME)";
				SWIFT_EMIT_LOC_STRINGS = YES;
				SWIFT_VERSION = 5.0;
				TARGETED_DEVICE_FAMILY = "1,2";
			};
			name = Debug;
		};
		CC7915C329F31EBE008A29A8 /* Release */ = {
			isa = XCBuildConfiguration;
			buildSettings = {
				ASSETCATALOG_COMPILER_APPICON_NAME = AppIcon;
				ASSETCATALOG_COMPILER_GLOBAL_ACCENT_COLOR_NAME = AccentColor;
				CODE_SIGN_STYLE = Automatic;
				CURRENT_PROJECT_VERSION = 1;
				DEVELOPMENT_ASSET_PATHS = "\"Landmarks/Preview Content\"";
				DEVELOPMENT_TEAM = VFB27NL5S9;
				ENABLE_PREVIEWS = YES;
				GENERATE_INFOPLIST_FILE = YES;
				INFOPLIST_KEY_UIApplicationSceneManifest_Generation = YES;
				INFOPLIST_KEY_UIApplicationSupportsIndirectInputEvents = YES;
				INFOPLIST_KEY_UILaunchScreen_Generation = YES;
				INFOPLIST_KEY_UISupportedInterfaceOrientations_iPad = "UIInterfaceOrientationPortrait UIInterfaceOrientationPortraitUpsideDown UIInterfaceOrientationLandscapeLeft UIInterfaceOrientationLandscapeRight";
				INFOPLIST_KEY_UISupportedInterfaceOrientations_iPhone = "UIInterfaceOrientationPortrait UIInterfaceOrientationLandscapeLeft UIInterfaceOrientationLandscapeRight";
				LD_RUNPATH_SEARCH_PATHS = (
					"$(inherited)",
					"@executable_path/Frameworks",
				);
				MARKETING_VERSION = 1.0;
				PRODUCT_BUNDLE_IDENTIFIER = myplayground.Landmarks;
				PRODUCT_NAME = "$(TARGET_NAME)";
				SWIFT_EMIT_LOC_STRINGS = YES;
				SWIFT_VERSION = 5.0;
				TARGETED_DEVICE_FAMILY = "1,2";
			};
			name = Release;
		};
		CC7915C529F31EBE008A29A8 /* Debug */ = {
			isa = XCBuildConfiguration;
			buildSettings = {
				ALWAYS_EMBED_SWIFT_STANDARD_LIBRARIES = YES;
				BUNDLE_LOADER = "$(TEST_HOST)";
				CODE_SIGN_STYLE = Automatic;
				CURRENT_PROJECT_VERSION = 1;
				DEVELOPMENT_TEAM = VFB27NL5S9;
				GENERATE_INFOPLIST_FILE = YES;
				IPHONEOS_DEPLOYMENT_TARGET = 16.4;
				MARKETING_VERSION = 1.0;
				PRODUCT_BUNDLE_IDENTIFIER = myplayground.LandmarksTests;
				PRODUCT_NAME = "$(TARGET_NAME)";
				SWIFT_EMIT_LOC_STRINGS = NO;
				SWIFT_VERSION = 5.0;
				TARGETED_DEVICE_FAMILY = "1,2";
				TEST_HOST = "$(BUILT_PRODUCTS_DIR)/Landmarks.app/$(BUNDLE_EXECUTABLE_FOLDER_PATH)/Landmarks";
			};
			name = Debug;
		};
		CC7915C629F31EBE008A29A8 /* Release */ = {
			isa = XCBuildConfiguration;
			buildSettings = {
				ALWAYS_EMBED_SWIFT_STANDARD_LIBRARIES = YES;
				BUNDLE_LOADER = "$(TEST_HOST)";
				CODE_SIGN_STYLE = Automatic;
				CURRENT_PROJECT_VERSION = 1;
				DEVELOPMENT_TEAM = VFB27NL5S9;
				GENERATE_INFOPLIST_FILE = YES;
				IPHONEOS_DEPLOYMENT_TARGET = 16.4;
				MARKETING_VERSION = 1.0;
				PRODUCT_BUNDLE_IDENTIFIER = myplayground.LandmarksTests;
				PRODUCT_NAME = "$(TARGET_NAME)";
				SWIFT_EMIT_LOC_STRINGS = NO;
				SWIFT_VERSION = 5.0;
				TARGETED_DEVICE_FAMILY = "1,2";
				TEST_HOST = "$(BUILT_PRODUCTS_DIR)/Landmarks.app/$(BUNDLE_EXECUTABLE_FOLDER_PATH)/Landmarks";
			};
			name = Release;
		};
		CC7915C829F31EBE008A29A8 /* Debug */ = {
			isa = XCBuildConfiguration;
			buildSettings = {
				ALWAYS_EMBED_SWIFT_STANDARD_LIBRARIES = YES;
				CODE_SIGN_STYLE = Automatic;
				CURRENT_PROJECT_VERSION = 1;
				DEVELOPMENT_TEAM = VFB27NL5S9;
				GENERATE_INFOPLIST_FILE = YES;
				MARKETING_VERSION = 1.0;
				PRODUCT_BUNDLE_IDENTIFIER = myplayground.LandmarksUITests;
				PRODUCT_NAME = "$(TARGET_NAME)";
				SWIFT_EMIT_LOC_STRINGS = NO;
				SWIFT_VERSION = 5.0;
				TARGETED_DEVICE_FAMILY = "1,2";
				TEST_TARGET_NAME = Landmarks;
			};
			name = Debug;
		};
		CC7915C929F31EBE008A29A8 /* Release */ = {
			isa = XCBuildConfiguration;
			buildSettings = {
				ALWAYS_EMBED_SWIFT_STANDARD_LIBRARIES = YES;
				CODE_SIGN_STYLE = Automatic;
				CURRENT_PROJECT_VERSION = 1;
				DEVELOPMENT_TEAM = VFB27NL5S9;
				GENERATE_INFOPLIST_FILE = YES;
				MARKETING_VERSION = 1.0;
				PRODUCT_BUNDLE_IDENTIFIER = myplayground.LandmarksUITests;
				PRODUCT_NAME = "$(TARGET_NAME)";
				SWIFT_EMIT_LOC_STRINGS = NO;
				SWIFT_VERSION = 5.0;
				TARGETED_DEVICE_FAMILY = "1,2";
				TEST_TARGET_NAME = Landmarks;
			};
			name = Release;
		};
/* End XCBuildConfiguration section */

/* Begin XCConfigurationList section */
		CC79159829F31EBD008A29A8 /* Build configuration list for PBXProject "Landmarks" */ = {
			isa = XCConfigurationList;
			buildConfigurations = (
				CC7915BF29F31EBE008A29A8 /* Debug */,
				CC7915C029F31EBE008A29A8 /* Release */,
			);
			defaultConfigurationIsVisible = 0;
			defaultConfigurationName = Release;
		};
		CC7915C129F31EBE008A29A8 /* Build configuration list for PBXNativeTarget "Landmarks" */ = {
			isa = XCConfigurationList;
			buildConfigurations = (
				CC7915C229F31EBE008A29A8 /* Debug */,
				CC7915C329F31EBE008A29A8 /* Release */,
			);
			defaultConfigurationIsVisible = 0;
			defaultConfigurationName = Release;
		};
		CC7915C429F31EBE008A29A8 /* Build configuration list for PBXNativeTarget "LandmarksTests" */ = {
			isa = XCConfigurationList;
			buildConfigurations = (
				CC7915C529F31EBE008A29A8 /* Debug */,
				CC7915C629F31EBE008A29A8 /* Release */,
			);
			defaultConfigurationIsVisible = 0;
			defaultConfigurationName = Release;
		};
		CC7915C729F31EBE008A29A8 /* Build configuration list for PBXNativeTarget "LandmarksUITests" */ = {
			isa = XCConfigurationList;
			buildConfigurations = (
				CC7915C829F31EBE008A29A8 /* Debug */,
				CC7915C929F31EBE008A29A8 /* Release */,
			);
			defaultConfigurationIsVisible = 0;
			defaultConfigurationName = Release;
		};
/* End XCConfigurationList section */
	};
	rootObject = CC79159529F31EBD008A29A8 /* Project object */;
}
